
Microsoft Visual Studio Solution File, Format Version 12.00
# Visual Studio 15
Project("{FAE04EC0-301F-11D3-BF4B-00C04F79EFBC}") = "lerpKitDemo", "Assembly-CSharp.csproj", "{FBAB6CFE-881F-688C-C5A8-21B2AC734C12}"
EndProject
Global
	GlobalSection(SolutionConfigurationPlatforms) = preSolution
		Debug|Any CPU = Debug|Any CPU
		Release|Any CPU = Release|Any CPU
	EndGlobalSection
	GlobalSection(ProjectConfigurationPlatforms) = postSolution
		{FBAB6CFE-881F-688C-C5A8-21B2AC734C12}.Debug|Any CPU.ActiveCfg = Debug|Any CPU
		{FBAB6CFE-881F-688C-C5A8-21B2AC734C12}.Debug|Any CPU.Build.0 = Debug|Any CPU
		{FBAB6CFE-881F-688C-C5A8-21B2AC734C12}.Release|Any CPU.ActiveCfg = Release|Any CPU
		{FBAB6CFE-881F-688C-C5A8-21B2AC734C12}.Release|Any CPU.Build.0 = Release|Any CPU
	EndGlobalSection
	GlobalSection(SolutionProperties) = preSolution
		HideSolutionNode = FALSE
	EndGlobalSection
EndGlobal
